// !$*UTF8*$!
{
	archiveVersion = 1;
	classes = {
	};
	objectVersion = 46;
	objects = {

/* Begin PBXBuildFile section */
		C82B81111E69D5980042F882 /* Stats.swift in Sources */ = {isa = PBXBuildFile; fileRef = C82B81101E69D5980042F882 /* Stats.swift */; };
		C82B811C1E69D8240042F882 /* OdontocetiTests.swift in Sources */ = {isa = PBXBuildFile; fileRef = C82B811B1E69D8240042F882 /* OdontocetiTests.swift */; };
		C82B81331E69F70A0042F882 /* ParticleDistributionView.swift in Sources */ = {isa = PBXBuildFile; fileRef = C82B81321E69F70A0042F882 /* ParticleDistributionView.swift */; };
		C890DE151E5B979600A43AF0 /* MapViewController.swift in Sources */ = {isa = PBXBuildFile; fileRef = C890DE141E5B979600A43AF0 /* MapViewController.swift */; };
		C890DE171E5B986F00A43AF0 /* Map.swift in Sources */ = {isa = PBXBuildFile; fileRef = C890DE161E5B986F00A43AF0 /* Map.swift */; };
		C8D3215F1E50FC7D00B0BE21 /* AppDelegate.swift in Sources */ = {isa = PBXBuildFile; fileRef = C8D3215E1E50FC7D00B0BE21 /* AppDelegate.swift */; };
		C8D321611E50FC7D00B0BE21 /* SensorsViewController.swift in Sources */ = {isa = PBXBuildFile; fileRef = C8D321601E50FC7D00B0BE21 /* SensorsViewController.swift */; };
		C8D321661E50FC7D00B0BE21 /* Assets.xcassets in Resources */ = {isa = PBXBuildFile; fileRef = C8D321651E50FC7D00B0BE21 /* Assets.xcassets */; };
		C8D321691E50FC7D00B0BE21 /* LaunchScreen.storyboard in Resources */ = {isa = PBXBuildFile; fileRef = C8D321671E50FC7D00B0BE21 /* LaunchScreen.storyboard */; };
		C8D321711E51022100B0BE21 /* Style.swift in Sources */ = {isa = PBXBuildFile; fileRef = C8D321701E51022100B0BE21 /* Style.swift */; };
		C8D321751E51067F00B0BE21 /* SensorTableViewCell.swift in Sources */ = {isa = PBXBuildFile; fileRef = C8D321741E51067F00B0BE21 /* SensorTableViewCell.swift */; };
		C8D321771E5109E000B0BE21 /* SensorGyro.swift in Sources */ = {isa = PBXBuildFile; fileRef = C8D321761E5109E000B0BE21 /* SensorGyro.swift */; };
		C8D321791E51336D00B0BE21 /* SensorAccel.swift in Sources */ = {isa = PBXBuildFile; fileRef = C8D321781E51336D00B0BE21 /* SensorAccel.swift */; };
		C8D3217B1E51492E00B0BE21 /* SensorMagnet.swift in Sources */ = {isa = PBXBuildFile; fileRef = C8D3217A1E51492E00B0BE21 /* SensorMagnet.swift */; };
		C8D3217D1E51555300B0BE21 /* CartographerViewController.swift in Sources */ = {isa = PBXBuildFile; fileRef = C8D3217C1E51555300B0BE21 /* CartographerViewController.swift */; };
		C8DAF9731E5BE86B009730FD /* MagnetDataSource.swift in Sources */ = {isa = PBXBuildFile; fileRef = C8DAF9721E5BE86B009730FD /* MagnetDataSource.swift */; };
/* End PBXBuildFile section */

/* Begin PBXContainerItemProxy section */
		C82B811E1E69D8240042F882 /* PBXContainerItemProxy */ = {
			isa = PBXContainerItemProxy;
			containerPortal = C8D321531E50FC7C00B0BE21 /* Project object */;
			proxyType = 1;
			remoteGlobalIDString = C8D3215A1E50FC7C00B0BE21;
			remoteInfo = Odontoceti;
		};
/* End PBXContainerItemProxy section */

/* Begin PBXFileReference section */
		C82B81101E69D5980042F882 /* Stats.swift */ = {isa = PBXFileReference; fileEncoding = 4; lastKnownFileType = sourcecode.swift; path = Stats.swift; sourceTree = "<group>"; };
		C82B81191E69D8240042F882 /* OdontocetiTests.xctest */ = {isa = PBXFileReference; explicitFileType = wrapper.cfbundle; includeInIndex = 0; path = OdontocetiTests.xctest; sourceTree = BUILT_PRODUCTS_DIR; };
		C82B811B1E69D8240042F882 /* OdontocetiTests.swift */ = {isa = PBXFileReference; lastKnownFileType = sourcecode.swift; path = OdontocetiTests.swift; sourceTree = "<group>"; };
		C82B811D1E69D8240042F882 /* Info.plist */ = {isa = PBXFileReference; lastKnownFileType = text.plist.xml; path = Info.plist; sourceTree = "<group>"; };
		C82B81321E69F70A0042F882 /* ParticleDistributionView.swift */ = {isa = PBXFileReference; fileEncoding = 4; lastKnownFileType = sourcecode.swift; path = ParticleDistributionView.swift; sourceTree = "<group>"; };
		C890DE141E5B979600A43AF0 /* MapViewController.swift */ = {isa = PBXFileReference; fileEncoding = 4; lastKnownFileType = sourcecode.swift; path = MapViewController.swift; sourceTree = "<group>"; };
		C890DE161E5B986F00A43AF0 /* Map.swift */ = {isa = PBXFileReference; fileEncoding = 4; lastKnownFileType = sourcecode.swift; path = Map.swift; sourceTree = "<group>"; };
		C8D3215B1E50FC7D00B0BE21 /* Odontoceti.app */ = {isa = PBXFileReference; explicitFileType = wrapper.application; includeInIndex = 0; path = Odontoceti.app; sourceTree = BUILT_PRODUCTS_DIR; };
		C8D3215E1E50FC7D00B0BE21 /* AppDelegate.swift */ = {isa = PBXFileReference; lastKnownFileType = sourcecode.swift; path = AppDelegate.swift; sourceTree = "<group>"; };
		C8D321601E50FC7D00B0BE21 /* SensorsViewController.swift */ = {isa = PBXFileReference; lastKnownFileType = sourcecode.swift; path = SensorsViewController.swift; sourceTree = "<group>"; };
		C8D321651E50FC7D00B0BE21 /* Assets.xcassets */ = {isa = PBXFileReference; lastKnownFileType = folder.assetcatalog; path = Assets.xcassets; sourceTree = "<group>"; };
		C8D321681E50FC7D00B0BE21 /* Base */ = {isa = PBXFileReference; lastKnownFileType = file.storyboard; name = Base; path = Base.lproj/LaunchScreen.storyboard; sourceTree = "<group>"; };
		C8D3216A1E50FC7D00B0BE21 /* Info.plist */ = {isa = PBXFileReference; lastKnownFileType = text.plist.xml; path = Info.plist; sourceTree = "<group>"; };
		C8D321701E51022100B0BE21 /* Style.swift */ = {isa = PBXFileReference; fileEncoding = 4; lastKnownFileType = sourcecode.swift; name = Style.swift; path = styles/Style.swift; sourceTree = "<group>"; };
		C8D321741E51067F00B0BE21 /* SensorTableViewCell.swift */ = {isa = PBXFileReference; fileEncoding = 4; lastKnownFileType = sourcecode.swift; path = SensorTableViewCell.swift; sourceTree = "<group>"; };
		C8D321761E5109E000B0BE21 /* SensorGyro.swift */ = {isa = PBXFileReference; fileEncoding = 4; lastKnownFileType = sourcecode.swift; path = SensorGyro.swift; sourceTree = "<group>"; };
		C8D321781E51336D00B0BE21 /* SensorAccel.swift */ = {isa = PBXFileReference; fileEncoding = 4; lastKnownFileType = sourcecode.swift; path = SensorAccel.swift; sourceTree = "<group>"; };
		C8D3217A1E51492E00B0BE21 /* SensorMagnet.swift */ = {isa = PBXFileReference; fileEncoding = 4; lastKnownFileType = sourcecode.swift; path = SensorMagnet.swift; sourceTree = "<group>"; };
		C8D3217C1E51555300B0BE21 /* CartographerViewController.swift */ = {isa = PBXFileReference; fileEncoding = 4; lastKnownFileType = sourcecode.swift; path = CartographerViewController.swift; sourceTree = "<group>"; };
		C8DAF9721E5BE86B009730FD /* MagnetDataSource.swift */ = {isa = PBXFileReference; fileEncoding = 4; lastKnownFileType = sourcecode.swift; path = MagnetDataSource.swift; sourceTree = "<group>"; };
/* End PBXFileReference section */

/* Begin PBXFrameworksBuildPhase section */
		C82B81161E69D8240042F882 /* Frameworks */ = {
			isa = PBXFrameworksBuildPhase;
			buildActionMask = 2147483647;
			files = (
			);
			runOnlyForDeploymentPostprocessing = 0;
		};
		C8D321581E50FC7C00B0BE21 /* Frameworks */ = {
			isa = PBXFrameworksBuildPhase;
			buildActionMask = 2147483647;
			files = (
			);
			runOnlyForDeploymentPostprocessing = 0;
		};
/* End PBXFrameworksBuildPhase section */

/* Begin PBXGroup section */
		C82B811A1E69D8240042F882 /* OdontocetiTests */ = {
			isa = PBXGroup;
			children = (
				C82B811B1E69D8240042F882 /* OdontocetiTests.swift */,
				C82B811D1E69D8240042F882 /* Info.plist */,
			);
			path = OdontocetiTests;
			sourceTree = "<group>";
		};
		C8D321521E50FC7C00B0BE21 = {
			isa = PBXGroup;
			children = (
				C8D3215D1E50FC7D00B0BE21 /* Odontoceti */,
				C82B811A1E69D8240042F882 /* OdontocetiTests */,
				C8D3215C1E50FC7D00B0BE21 /* Products */,
			);
			sourceTree = "<group>";
		};
		C8D3215C1E50FC7D00B0BE21 /* Products */ = {
			isa = PBXGroup;
			children = (
				C8D3215B1E50FC7D00B0BE21 /* Odontoceti.app */,
				C82B81191E69D8240042F882 /* OdontocetiTests.xctest */,
			);
			name = Products;
			sourceTree = "<group>";
		};
		C8D3215D1E50FC7D00B0BE21 /* Odontoceti */ = {
			isa = PBXGroup;
			children = (
				C8D3215E1E50FC7D00B0BE21 /* AppDelegate.swift */,
				C8DAF9721E5BE86B009730FD /* MagnetDataSource.swift */,
				C8D3217C1E51555300B0BE21 /* CartographerViewController.swift */,
				C890DE161E5B986F00A43AF0 /* Map.swift */,
				C890DE141E5B979600A43AF0 /* MapViewController.swift */,
				C82B81321E69F70A0042F882 /* ParticleDistributionView.swift */,
				C8D321601E50FC7D00B0BE21 /* SensorsViewController.swift */,
				C8D321731E51066800B0BE21 /* Sensor Logs */,
				C8D321721E51022700B0BE21 /* Style */,
				C8D321651E50FC7D00B0BE21 /* Assets.xcassets */,
				C8D321671E50FC7D00B0BE21 /* LaunchScreen.storyboard */,
				C8D3216A1E50FC7D00B0BE21 /* Info.plist */,
			);
			path = Odontoceti;
			sourceTree = "<group>";
		};
		C8D321721E51022700B0BE21 /* Style */ = {
			isa = PBXGroup;
			children = (
				C8D321701E51022100B0BE21 /* Style.swift */,
				C82B81101E69D5980042F882 /* Stats.swift */,
			);
			name = Style;
			sourceTree = "<group>";
		};
		C8D321731E51066800B0BE21 /* Sensor Logs */ = {
			isa = PBXGroup;
			children = (
				C8D321741E51067F00B0BE21 /* SensorTableViewCell.swift */,
				C8D321761E5109E000B0BE21 /* SensorGyro.swift */,
				C8D321781E51336D00B0BE21 /* SensorAccel.swift */,
				C8D3217A1E51492E00B0BE21 /* SensorMagnet.swift */,
			);
			name = "Sensor Logs";
			sourceTree = "<group>";
		};
/* End PBXGroup section */

/* Begin PBXNativeTarget section */
		C82B81181E69D8240042F882 /* OdontocetiTests */ = {
			isa = PBXNativeTarget;
			buildConfigurationList = C82B81201E69D8240042F882 /* Build configuration list for PBXNativeTarget "OdontocetiTests" */;
			buildPhases = (
				C82B81151E69D8240042F882 /* Sources */,
				C82B81161E69D8240042F882 /* Frameworks */,
				C82B81171E69D8240042F882 /* Resources */,
			);
			buildRules = (
			);
			dependencies = (
				C82B811F1E69D8240042F882 /* PBXTargetDependency */,
			);
			name = OdontocetiTests;
			productName = OdontocetiTests;
			productReference = C82B81191E69D8240042F882 /* OdontocetiTests.xctest */;
			productType = "com.apple.product-type.bundle.unit-test";
		};
		C8D3215A1E50FC7C00B0BE21 /* Odontoceti */ = {
			isa = PBXNativeTarget;
			buildConfigurationList = C8D3216D1E50FC7D00B0BE21 /* Build configuration list for PBXNativeTarget "Odontoceti" */;
			buildPhases = (
				C8D321571E50FC7C00B0BE21 /* Sources */,
				C8D321581E50FC7C00B0BE21 /* Frameworks */,
				C8D321591E50FC7C00B0BE21 /* Resources */,
				C82B810E1E64F1270042F882 /* Run Script */,
			);
			buildRules = (
			);
			dependencies = (
			);
			name = Odontoceti;
			productName = Odontoceti;
			productReference = C8D3215B1E50FC7D00B0BE21 /* Odontoceti.app */;
			productType = "com.apple.product-type.application";
		};
/* End PBXNativeTarget section */

/* Begin PBXProject section */
		C8D321531E50FC7C00B0BE21 /* Project object */ = {
			isa = PBXProject;
			attributes = {
				LastSwiftUpdateCheck = 0820;
				LastUpgradeCheck = 0820;
				ORGANIZATIONNAME = "Greg M Foster";
				TargetAttributes = {
					C82B81181E69D8240042F882 = {
						CreatedOnToolsVersion = 8.2.1;
						ProvisioningStyle = Automatic;
						TestTargetID = C8D3215A1E50FC7C00B0BE21;
					};
					C8D3215A1E50FC7C00B0BE21 = {
						CreatedOnToolsVersion = 8.2.1;
						DevelopmentTeam = 2V7W69N399;
						ProvisioningStyle = Automatic;
					};
				};
			};
			buildConfigurationList = C8D321561E50FC7C00B0BE21 /* Build configuration list for PBXProject "Odontoceti" */;
			compatibilityVersion = "Xcode 3.2";
			developmentRegion = English;
			hasScannedForEncodings = 0;
			knownRegions = (
				en,
				Base,
			);
			mainGroup = C8D321521E50FC7C00B0BE21;
			productRefGroup = C8D3215C1E50FC7D00B0BE21 /* Products */;
			projectDirPath = "";
			projectRoot = "";
			targets = (
				C8D3215A1E50FC7C00B0BE21 /* Odontoceti */,
				C82B81181E69D8240042F882 /* OdontocetiTests */,
			);
		};
/* End PBXProject section */

/* Begin PBXResourcesBuildPhase section */
		C82B81171E69D8240042F882 /* Resources */ = {
			isa = PBXResourcesBuildPhase;
			buildActionMask = 2147483647;
			files = (
			);
			runOnlyForDeploymentPostprocessing = 0;
		};
		C8D321591E50FC7C00B0BE21 /* Resources */ = {
			isa = PBXResourcesBuildPhase;
			buildActionMask = 2147483647;
			files = (
				C8D321691E50FC7D00B0BE21 /* LaunchScreen.storyboard in Resources */,
				C8D321661E50FC7D00B0BE21 /* Assets.xcassets in Resources */,
			);
			runOnlyForDeploymentPostprocessing = 0;
		};
/* End PBXResourcesBuildPhase section */

/* Begin PBXShellScriptBuildPhase section */
		C82B810E1E64F1270042F882 /* Run Script */ = {
			isa = PBXShellScriptBuildPhase;
			buildActionMask = 2147483647;
			files = (
			);
			inputPaths = (
			);
			name = "Run Script";
			outputPaths = (
			);
			runOnlyForDeploymentPostprocessing = 0;
			shellPath = /bin/sh;
			shellScript = "if which swiftlint >/dev/null; then\nswiftlint\nelse\necho \"warning: SwiftLint not installed, download from https://github.com/realm/SwiftLint\"\nfi";
		};
/* End PBXShellScriptBuildPhase section */

/* Begin PBXSourcesBuildPhase section */
		C82B81151E69D8240042F882 /* Sources */ = {
			isa = PBXSourcesBuildPhase;
			buildActionMask = 2147483647;
			files = (
				C82B811C1E69D8240042F882 /* OdontocetiTests.swift in Sources */,
			);
			runOnlyForDeploymentPostprocessing = 0;
		};
		C8D321571E50FC7C00B0BE21 /* Sources */ = {
			isa = PBXSourcesBuildPhase;
			buildActionMask = 2147483647;
			files = (
				C82B81331E69F70A0042F882 /* ParticleDistributionView.swift in Sources */,
				C890DE171E5B986F00A43AF0 /* Map.swift in Sources */,
				C82B81111E69D5980042F882 /* Stats.swift in Sources */,
				C8D321611E50FC7D00B0BE21 /* SensorsViewController.swift in Sources */,
				C8D321771E5109E000B0BE21 /* SensorGyro.swift in Sources */,
				C8DAF9731E5BE86B009730FD /* MagnetDataSource.swift in Sources */,
				C8D321751E51067F00B0BE21 /* SensorTableViewCell.swift in Sources */,
				C8D321711E51022100B0BE21 /* Style.swift in Sources */,
				C890DE151E5B979600A43AF0 /* MapViewController.swift in Sources */,
				C8D321791E51336D00B0BE21 /* SensorAccel.swift in Sources */,
				C8D3217D1E51555300B0BE21 /* CartographerViewController.swift in Sources */,
				C8D3215F1E50FC7D00B0BE21 /* AppDelegate.swift in Sources */,
				C8D3217B1E51492E00B0BE21 /* SensorMagnet.swift in Sources */,
			);
			runOnlyForDeploymentPostprocessing = 0;
		};
/* End PBXSourcesBuildPhase section */

/* Begin PBXTargetDependency section */
		C82B811F1E69D8240042F882 /* PBXTargetDependency */ = {
			isa = PBXTargetDependency;
			target = C8D3215A1E50FC7C00B0BE21 /* Odontoceti */;
			targetProxy = C82B811E1E69D8240042F882 /* PBXContainerItemProxy */;
		};
/* End PBXTargetDependency section */

/* Begin PBXVariantGroup section */
		C8D321671E50FC7D00B0BE21 /* LaunchScreen.storyboard */ = {
			isa = PBXVariantGroup;
			children = (
				C8D321681E50FC7D00B0BE21 /* Base */,
			);
			name = LaunchScreen.storyboard;
			sourceTree = "<group>";
		};
/* End PBXVariantGroup section */

/* Begin XCBuildConfiguration section */
		C82B81211E69D8240042F882 /* Debug */ = {
			isa = XCBuildConfiguration;
			buildSettings = {
				BUNDLE_LOADER = "$(TEST_HOST)";
				INFOPLIST_FILE = OdontocetiTests/Info.plist;
				LD_RUNPATH_SEARCH_PATHS = "$(inherited) @executable_path/Frameworks @loader_path/Frameworks";
				PRODUCT_BUNDLE_IDENTIFIER = gregmfoster.OdontocetiTests;
				PRODUCT_NAME = "$(TARGET_NAME)";
				SWIFT_VERSION = 3.0;
				TEST_HOST = "$(BUILT_PRODUCTS_DIR)/Odontoceti.app/Odontoceti";
			};
			name = Debug;
		};
		C82B81221E69D8240042F882 /* Release */ = {
			isa = XCBuildConfiguration;
			buildSettings = {
				BUNDLE_LOADER = "$(TEST_HOST)";
				INFOPLIST_FILE = OdontocetiTests/Info.plist;
				LD_RUNPATH_SEARCH_PATHS = "$(inherited) @executable_path/Frameworks @loader_path/Frameworks";
				PRODUCT_BUNDLE_IDENTIFIER = gregmfoster.OdontocetiTests;
				PRODUCT_NAME = "$(TARGET_NAME)";
				SWIFT_VERSION = 3.0;
				TEST_HOST = "$(BUILT_PRODUCTS_DIR)/Odontoceti.app/Odontoceti";
			};
			name = Release;
		};
		C8D3216B1E50FC7D00B0BE21 /* Debug */ = {
			isa = XCBuildConfiguration;
			buildSettings = {
				ALWAYS_SEARCH_USER_PATHS = NO;
				CLANG_ANALYZER_NONNULL = YES;
				CLANG_CXX_LANGUAGE_STANDARD = "gnu++0x";
				CLANG_CXX_LIBRARY = "libc++";
				CLANG_ENABLE_MODULES = YES;
				CLANG_ENABLE_OBJC_ARC = YES;
				CLANG_WARN_BOOL_CONVERSION = YES;
				CLANG_WARN_CONSTANT_CONVERSION = YES;
				CLANG_WARN_DIRECT_OBJC_ISA_USAGE = YES_ERROR;
				CLANG_WARN_DOCUMENTATION_COMMENTS = YES;
				CLANG_WARN_EMPTY_BODY = YES;
				CLANG_WARN_ENUM_CONVERSION = YES;
				CLANG_WARN_INFINITE_RECURSION = YES;
				CLANG_WARN_INT_CONVERSION = YES;
				CLANG_WARN_OBJC_ROOT_CLASS = YES_ERROR;
				CLANG_WARN_SUSPICIOUS_MOVE = YES;
				CLANG_WARN_UNREACHABLE_CODE = YES;
				CLANG_WARN__DUPLICATE_METHOD_MATCH = YES;
				"CODE_SIGN_IDENTITY[sdk=iphoneos*]" = "iPhone Developer";
				COPY_PHASE_STRIP = NO;
				DEBUG_INFORMATION_FORMAT = dwarf;
				ENABLE_STRICT_OBJC_MSGSEND = YES;
				ENABLE_TESTABILITY = YES;
				GCC_C_LANGUAGE_STANDARD = gnu99;
				GCC_DYNAMIC_NO_PIC = NO;
				GCC_NO_COMMON_BLOCKS = YES;
				GCC_OPTIMIZATION_LEVEL = 0;
				GCC_PREPROCESSOR_DEFINITIONS = (
					"DEBUG=1",
					"$(inherited)",
				);
				GCC_WARN_64_TO_32_BIT_CONVERSION = YES;
				GCC_WARN_ABOUT_RETURN_TYPE = YES_ERROR;
				GCC_WARN_UNDECLARED_SELECTOR = YES;
				GCC_WARN_UNINITIALIZED_AUTOS = YES_AGGRESSIVE;
				GCC_WARN_UNUSED_FUNCTION = YES;
				GCC_WARN_UNUSED_VARIABLE = YES;
				IPHONEOS_DEPLOYMENT_TARGET = 10.2;
				MTL_ENABLE_DEBUG_INFO = YES;
				ONLY_ACTIVE_ARCH = YES;
				SDKROOT = iphoneos;
				SWIFT_ACTIVE_COMPILATION_CONDITIONS = DEBUG;
				SWIFT_OPTIMIZATION_LEVEL = "-Onone";
			};
			name = Debug;
		};
		C8D3216C1E50FC7D00B0BE21 /* Release */ = {
			isa = XCBuildConfiguration;
			buildSettings = {
				ALWAYS_SEARCH_USER_PATHS = NO;
				CLANG_ANALYZER_NONNULL = YES;
				CLANG_CXX_LANGUAGE_STANDARD = "gnu++0x";
				CLANG_CXX_LIBRARY = "libc++";
				CLANG_ENABLE_MODULES = YES;
				CLANG_ENABLE_OBJC_ARC = YES;
				CLANG_WARN_BOOL_CONVERSION = YES;
				CLANG_WARN_CONSTANT_CONVERSION = YES;
				CLANG_WARN_DIRECT_OBJC_ISA_USAGE = YES_ERROR;
				CLANG_WARN_DOCUMENTATION_COMMENTS = YES;
				CLANG_WARN_EMPTY_BODY = YES;
				CLANG_WARN_ENUM_CONVERSION = YES;
				CLANG_WARN_INFINITE_RECURSION = YES;
				CLANG_WARN_INT_CONVERSION = YES;
				CLANG_WARN_OBJC_ROOT_CLASS = YES_ERROR;
				CLANG_WARN_SUSPICIOUS_MOVE = YES;
				CLANG_WARN_UNREACHABLE_CODE = YES;
				CLANG_WARN__DUPLICATE_METHOD_MATCH = YES;
				"CODE_SIGN_IDENTITY[sdk=iphoneos*]" = "iPhone Developer";
				COPY_PHASE_STRIP = NO;
				DEBUG_INFORMATION_FORMAT = "dwarf-with-dsym";
				ENABLE_NS_ASSERTIONS = NO;
				ENABLE_STRICT_OBJC_MSGSEND = YES;
				GCC_C_LANGUAGE_STANDARD = gnu99;
				GCC_NO_COMMON_BLOCKS = YES;
				GCC_WARN_64_TO_32_BIT_CONVERSION = YES;
				GCC_WARN_ABOUT_RETURN_TYPE = YES_ERROR;
				GCC_WARN_UNDECLARED_SELECTOR = YES;
				GCC_WARN_UNINITIALIZED_AUTOS = YES_AGGRESSIVE;
				GCC_WARN_UNUSED_FUNCTION = YES;
				GCC_WARN_UNUSED_VARIABLE = YES;
				IPHONEOS_DEPLOYMENT_TARGET = 10.2;
				MTL_ENABLE_DEBUG_INFO = NO;
				SDKROOT = iphoneos;
				SWIFT_OPTIMIZATION_LEVEL = "-Owholemodule";
				VALIDATE_PRODUCT = YES;
			};
			name = Release;
		};
		C8D3216E1E50FC7D00B0BE21 /* Debug */ = {
			isa = XCBuildConfiguration;
			buildSettings = {
				ASSETCATALOG_COMPILER_APPICON_NAME = AppIcon;
				DEVELOPMENT_TEAM = 2V7W69N399;
				INFOPLIST_FILE = Odontoceti/Info.plist;
				LD_RUNPATH_SEARCH_PATHS = "$(inherited) @executable_path/Frameworks";
				PRODUCT_BUNDLE_IDENTIFIER = gregmfoster.Odontoceti;
				PRODUCT_NAME = "$(TARGET_NAME)";
				SWIFT_VERSION = 3.0;
			};
			name = Debug;
		};
		C8D3216F1E50FC7D00B0BE21 /* Release */ = {
			isa = XCBuildConfiguration;
			buildSettings = {
				ASSETCATALOG_COMPILER_APPICON_NAME = AppIcon;
				DEVELOPMENT_TEAM = 2V7W69N399;
				INFOPLIST_FILE = Odontoceti/Info.plist;
				LD_RUNPATH_SEARCH_PATHS = "$(inherited) @executable_path/Frameworks";
				PRODUCT_BUNDLE_IDENTIFIER = gregmfoster.Odontoceti;
				PRODUCT_NAME = "$(TARGET_NAME)";
				SWIFT_VERSION = 3.0;
			};
			name = Release;
		};
/* End XCBuildConfiguration section */

/* Begin XCConfigurationList section */
		C82B81201E69D8240042F882 /* Build configuration list for PBXNativeTarget "OdontocetiTests" */ = {
			isa = XCConfigurationList;
			buildConfigurations = (
				C82B81211E69D8240042F882 /* Debug */,
				C82B81221E69D8240042F882 /* Release */,
			);
			defaultConfigurationIsVisible = 0;
			defaultConfigurationName = Release;
		};
		C8D321561E50FC7C00B0BE21 /* Build configuration list for PBXProject "Odontoceti" */ = {
			isa = XCConfigurationList;
			buildConfigurations = (
				C8D3216B1E50FC7D00B0BE21 /* Debug */,
				C8D3216C1E50FC7D00B0BE21 /* Release */,
			);
			defaultConfigurationIsVisible = 0;
			defaultConfigurationName = Release;
		};
		C8D3216D1E50FC7D00B0BE21 /* Build configuration list for PBXNativeTarget "Odontoceti" */ = {
			isa = XCConfigurationList;
			buildConfigurations = (
				C8D3216E1E50FC7D00B0BE21 /* Debug */,
				C8D3216F1E50FC7D00B0BE21 /* Release */,
			);
			defaultConfigurationIsVisible = 0;
			defaultConfigurationName = Release;
		};
/* End XCConfigurationList section */
	};
	rootObject = C8D321531E50FC7C00B0BE21 /* Project object */;
}
